
Microsoft Visual Studio Solution File, Format Version 12.00
# Visual Studio Version 16
VisualStudioVersion = 16.0.29806.167
MinimumVisualStudioVersion = 10.0.40219.1
Project("{FAE04EC0-301F-11D3-BF4B-00C04F79EFBC}") = "Fourplaces.Android", "Fourplaces\Fourplaces.Android\Fourplaces.Android.csproj", "{B5B7900B-2F3C-42A6-A283-F579200AB755}"
EndProject
Project("{FAE04EC0-301F-11D3-BF4B-00C04F79EFBC}") = "Fourplaces.iOS", "Fourplaces\Fourplaces.iOS\Fourplaces.iOS.csproj", "{F28D3EA9-CE3B-408A-B3AB-CCC29E685822}"
EndProject
Project("{9A19103F-16F7-4668-BE54-9A1E7A4F7556}") = "Fourplaces", "Fourplaces\Fourplaces\Fourplaces.csproj", "{7CCA7FC3-EB7A-4597-A086-B0A636BCFF08}"
EndProject
Global
	GlobalSection(SolutionConfigurationPlatforms) = preSolution
		Ad-Hoc|Any CPU = Ad-Hoc|Any CPU
		Ad-Hoc|iPhone = Ad-Hoc|iPhone
		Ad-Hoc|iPhoneSimulator = Ad-Hoc|iPhoneSimulator
		AppStore|Any CPU = AppStore|Any CPU
		AppStore|iPhone = AppStore|iPhone
		AppStore|iPhoneSimulator = AppStore|iPhoneSimulator
		Debug|Any CPU = Debug|Any CPU
		Debug|iPhone = Debug|iPhone
		Debug|iPhoneSimulator = Debug|iPhoneSimulator
		Release|Any CPU = Release|Any CPU
		Release|iPhone = Release|iPhone
		Release|iPhoneSimulator = Release|iPhoneSimulator
	EndGlobalSection
	GlobalSection(ProjectConfigurationPlatforms) = postSolution
		{B5B7900B-2F3C-42A6-A283-F579200AB755}.Ad-Hoc|Any CPU.ActiveCfg = Release|Any CPU
		{B5B7900B-2F3C-42A6-A283-F579200AB755}.Ad-Hoc|Any CPU.Build.0 = Release|Any CPU
		{B5B7900B-2F3C-42A6-A283-F579200AB755}.Ad-Hoc|Any CPU.Deploy.0 = Release|Any CPU
		{B5B7900B-2F3C-42A6-A283-F579200AB755}.Ad-Hoc|iPhone.ActiveCfg = Release|Any CPU
		{B5B7900B-2F3C-42A6-A283-F579200AB755}.Ad-Hoc|iPhone.Build.0 = Release|Any CPU
		{B5B7900B-2F3C-42A6-A283-F579200AB755}.Ad-Hoc|iPhone.Deploy.0 = Release|Any CPU
		{B5B7900B-2F3C-42A6-A283-F579200AB755}.Ad-Hoc|iPhoneSimulator.ActiveCfg = Release|Any CPU
		{B5B7900B-2F3C-42A6-A283-F579200AB755}.Ad-Hoc|iPhoneSimulator.Build.0 = Release|Any CPU
		{B5B7900B-2F3C-42A6-A283-F579200AB755}.Ad-Hoc|iPhoneSimulator.Deploy.0 = Release|Any CPU
		{B5B7900B-2F3C-42A6-A283-F579200AB755}.AppStore|Any CPU.ActiveCfg = Release|Any CPU
		{B5B7900B-2F3C-42A6-A283-F579200AB755}.AppStore|Any CPU.Build.0 = Release|Any CPU
		{B5B7900B-2F3C-42A6-A283-F579200AB755}.AppStore|Any CPU.Deploy.0 = Release|Any CPU
		{B5B7900B-2F3C-42A6-A283-F579200AB755}.AppStore|iPhone.ActiveCfg = Release|Any CPU
		{B5B7900B-2F3C-42A6-A283-F579200AB755}.AppStore|iPhone.Build.0 = Release|Any CPU
		{B5B7900B-2F3C-42A6-A283-F579200AB755}.AppStore|iPhone.Deploy.0 = Release|Any CPU
		{B5B7900B-2F3C-42A6-A283-F579200AB755}.AppStore|iPhoneSimulator.ActiveCfg = Release|Any CPU
		{B5B7900B-2F3C-42A6-A283-F579200AB755}.AppStore|iPhoneSimulator.Build.0 = Release|Any CPU
		{B5B7900B-2F3C-42A6-A283-F579200AB755}.AppStore|iPhoneSimulator.Deploy.0 = Release|Any CPU
		{B5B7900B-2F3C-42A6-A283-F579200AB755}.Debug|Any CPU.ActiveCfg = Debug|Any CPU
		{B5B7900B-2F3C-42A6-A283-F579200AB755}.Debug|Any CPU.Build.0 = Debug|Any CPU
		{B5B7900B-2F3C-42A6-A283-F579200AB755}.Debug|Any CPU.Deploy.0 = Debug|Any CPU
		{B5B7900B-2F3C-42A6-A283-F579200AB755}.Debug|iPhone.ActiveCfg = Debug|Any CPU
		{B5B7900B-2F3C-42A6-A283-F579200AB755}.Debug|iPhone.Build.0 = Debug|Any CPU
		{B5B7900B-2F3C-42A6-A283-F579200AB755}.Debug|iPhone.Deploy.0 = Debug|Any CPU
		{B5B7900B-2F3C-42A6-A283-F579200AB755}.Debug|iPhoneSimulator.ActiveCfg = Debug|Any CPU
		{B5B7900B-2F3C-42A6-A283-F579200AB755}.Debug|iPhoneSimulator.Build.0 = Debug|Any CPU
		{B5B7900B-2F3C-42A6-A283-F579200AB755}.Debug|iPhoneSimulator.Deploy.0 = Debug|Any CPU
		{B5B7900B-2F3C-42A6-A283-F579200AB755}.Release|Any CPU.ActiveCfg = Release|Any CPU
		{B5B7900B-2F3C-42A6-A283-F579200AB755}.Release|Any CPU.Build.0 = Release|Any CPU
		{B5B7900B-2F3C-42A6-A283-F579200AB755}.Release|Any CPU.Deploy.0 = Release|Any CPU
		{B5B7900B-2F3C-42A6-A283-F579200AB755}.Release|iPhone.ActiveCfg = Release|Any CPU
		{B5B7900B-2F3C-42A6-A283-F579200AB755}.Release|iPhone.Build.0 = Release|Any CPU
		{B5B7900B-2F3C-42A6-A283-F579200AB755}.Release|iPhone.Deploy.0 = Release|Any CPU
		{B5B7900B-2F3C-42A6-A283-F579200AB755}.Release|iPhoneSimulator.ActiveCfg = Release|Any CPU
		{B5B7900B-2F3C-42A6-A283-F579200AB755}.Release|iPhoneSimulator.Build.0 = Release|Any CPU
		{B5B7900B-2F3C-42A6-A283-F579200AB755}.Release|iPhoneSimulator.Deploy.0 = Release|Any CPU
		{F28D3EA9-CE3B-408A-B3AB-CCC29E685822}.Ad-Hoc|Any CPU.ActiveCfg = Ad-Hoc|iPhone
		{F28D3EA9-CE3B-408A-B3AB-CCC29E685822}.Ad-Hoc|Any CPU.Build.0 = Ad-Hoc|iPhone
		{F28D3EA9-CE3B-408A-B3AB-CCC29E685822}.Ad-Hoc|Any CPU.Deploy.0 = Ad-Hoc|iPhone
		{F28D3EA9-CE3B-408A-B3AB-CCC29E685822}.Ad-Hoc|iPhone.ActiveCfg = Ad-Hoc|iPhone
		{F28D3EA9-CE3B-408A-B3AB-CCC29E685822}.Ad-Hoc|iPhone.Build.0 = Ad-Hoc|iPhone
		{F28D3EA9-CE3B-408A-B3AB-CCC29E685822}.Ad-Hoc|iPhone.Deploy.0 = Ad-Hoc|iPhone
		{F28D3EA9-CE3B-408A-B3AB-CCC29E685822}.Ad-Hoc|iPhoneSimulator.ActiveCfg = Ad-Hoc|iPhoneSimulator
		{F28D3EA9-CE3B-408A-B3AB-CCC29E685822}.Ad-Hoc|iPhoneSimulator.Build.0 = Ad-Hoc|iPhoneSimulator
		{F28D3EA9-CE3B-408A-B3AB-CCC29E685822}.Ad-Hoc|iPhoneSimulator.Deploy.0 = Ad-Hoc|iPhoneSimulator
		{F28D3EA9-CE3B-408A-B3AB-CCC29E685822}.AppStore|Any CPU.ActiveCfg = AppStore|iPhone
		{F28D3EA9-CE3B-408A-B3AB-CCC29E685822}.AppStore|Any CPU.Build.0 = AppStore|iPhone
		{F28D3EA9-CE3B-408A-B3AB-CCC29E685822}.AppStore|Any CPU.Deploy.0 = AppStore|iPhone
		{F28D3EA9-CE3B-408A-B3AB-CCC29E685822}.AppStore|iPhone.ActiveCfg = AppStore|iPhone
		{F28D3EA9-CE3B-408A-B3AB-CCC29E685822}.AppStore|iPhone.Build.0 = AppStore|iPhone
		{F28D3EA9-CE3B-408A-B3AB-CCC29E685822}.AppStore|iPhone.Deploy.0 = AppStore|iPhone
		{F28D3EA9-CE3B-408A-B3AB-CCC29E685822}.AppStore|iPhoneSimulator.ActiveCfg = AppStore|iPhoneSimulator
		{F28D3EA9-CE3B-408A-B3AB-CCC29E685822}.AppStore|iPhoneSimulator.Build.0 = AppStore|iPhoneSimulator
		{F28D3EA9-CE3B-408A-B3AB-CCC29E685822}.AppStore|iPhoneSimulator.Deploy.0 = AppStore|iPhoneSimulator
		{F28D3EA9-CE3B-408A-B3AB-CCC29E685822}.Debug|Any CPU.ActiveCfg = Debug|iPhoneSimulator
		{F28D3EA9-CE3B-408A-B3AB-CCC29E685822}.Debug|Any CPU.Build.0 = Debug|iPhoneSimulator
		{F28D3EA9-CE3B-408A-B3AB-CCC29E685822}.Debug|Any CPU.Deploy.0 = Debug|iPhoneSimulator
		{F28D3EA9-CE3B-408A-B3AB-CCC29E685822}.Debug|iPhone.ActiveCfg = Debug|iPhone
		{F28D3EA9-CE3B-408A-B3AB-CCC29E685822}.Debug|iPhone.Build.0 = Debug|iPhone
		{F28D3EA9-CE3B-408A-B3AB-CCC29E685822}.Debug|iPhone.Deploy.0 = Debug|iPhone
		{F28D3EA9-CE3B-408A-B3AB-CCC29E685822}.Debug|iPhoneSimulator.ActiveCfg = Debug|iPhoneSimulator
		{F28D3EA9-CE3B-408A-B3AB-CCC29E685822}.Debug|iPhoneSimulator.Build.0 = Debug|iPhoneSimulator
		{F28D3EA9-CE3B-408A-B3AB-CCC29E685822}.Debug|iPhoneSimulator.Deploy.0 = Debug|iPhoneSimulator
		{F28D3EA9-CE3B-408A-B3AB-CCC29E685822}.Release|Any CPU.ActiveCfg = Release|iPhone
		{F28D3EA9-CE3B-408A-B3AB-CCC29E685822}.Release|Any CPU.Build.0 = Release|iPhone
		{F28D3EA9-CE3B-408A-B3AB-CCC29E685822}.Release|Any CPU.Deploy.0 = Release|iPhone
		{F28D3EA9-CE3B-408A-B3AB-CCC29E685822}.Release|iPhone.ActiveCfg = Release|iPhone
		{F28D3EA9-CE3B-408A-B3AB-CCC29E685822}.Release|iPhone.Build.0 = Release|iPhone
		{F28D3EA9-CE3B-408A-B3AB-CCC29E685822}.Release|iPhone.Deploy.0 = Release|iPhone
		{F28D3EA9-CE3B-408A-B3AB-CCC29E685822}.Release|iPhoneSimulator.ActiveCfg = Release|iPhoneSimulator
		{F28D3EA9-CE3B-408A-B3AB-CCC29E685822}.Release|iPhoneSimulator.Build.0 = Release|iPhoneSimulator
		{F28D3EA9-CE3B-408A-B3AB-CCC29E685822}.Release|iPhoneSimulator.Deploy.0 = Release|iPhoneSimulator
		{7CCA7FC3-EB7A-4597-A086-B0A636BCFF08}.Ad-Hoc|Any CPU.ActiveCfg = Debug|Any CPU
		{7CCA7FC3-EB7A-4597-A086-B0A636BCFF08}.Ad-Hoc|Any CPU.Build.0 = Debug|Any CPU
		{7CCA7FC3-EB7A-4597-A086-B0A636BCFF08}.Ad-Hoc|Any CPU.Deploy.0 = Debug|Any CPU
		{7CCA7FC3-EB7A-4597-A086-B0A636BCFF08}.Ad-Hoc|iPhone.ActiveCfg = Debug|Any CPU
		{7CCA7FC3-EB7A-4597-A086-B0A636BCFF08}.Ad-Hoc|iPhone.Build.0 = Debug|Any CPU
		{7CCA7FC3-EB7A-4597-A086-B0A636BCFF08}.Ad-Hoc|iPhone.Deploy.0 = Debug|Any CPU
		{7CCA7FC3-EB7A-4597-A086-B0A636BCFF08}.Ad-Hoc|iPhoneSimulator.ActiveCfg = Debug|Any CPU
		{7CCA7FC3-EB7A-4597-A086-B0A636BCFF08}.Ad-Hoc|iPhoneSimulator.Build.0 = Debug|Any CPU
		{7CCA7FC3-EB7A-4597-A086-B0A636BCFF08}.Ad-Hoc|iPhoneSimulator.Deploy.0 = Debug|Any CPU
		{7CCA7FC3-EB7A-4597-A086-B0A636BCFF08}.AppStore|Any CPU.ActiveCfg = Debug|Any CPU
		{7CCA7FC3-EB7A-4597-A086-B0A636BCFF08}.AppStore|Any CPU.Build.0 = Debug|Any CPU
		{7CCA7FC3-EB7A-4597-A086-B0A636BCFF08}.AppStore|Any CPU.Deploy.0 = Debug|Any CPU
		{7CCA7FC3-EB7A-4597-A086-B0A636BCFF08}.AppStore|iPhone.ActiveCfg = Debug|Any CPU
		{7CCA7FC3-EB7A-4597-A086-B0A636BCFF08}.AppStore|iPhone.Build.0 = Debug|Any CPU
		{7CCA7FC3-EB7A-4597-A086-B0A636BCFF08}.AppStore|iPhone.Deploy.0 = Debug|Any CPU
		{7CCA7FC3-EB7A-4597-A086-B0A636BCFF08}.AppStore|iPhoneSimulator.ActiveCfg = Debug|Any CPU
		{7CCA7FC3-EB7A-4597-A086-B0A636BCFF08}.AppStore|iPhoneSimulator.Build.0 = Debug|Any CPU
		{7CCA7FC3-EB7A-4597-A086-B0A636BCFF08}.AppStore|iPhoneSimulator.Deploy.0 = Debug|Any CPU
		{7CCA7FC3-EB7A-4597-A086-B0A636BCFF08}.Debug|Any CPU.ActiveCfg = Debug|Any CPU
		{7CCA7FC3-EB7A-4597-A086-B0A636BCFF08}.Debug|Any CPU.Build.0 = Debug|Any CPU
		{7CCA7FC3-EB7A-4597-A086-B0A636BCFF08}.Debug|Any CPU.Deploy.0 = Debug|Any CPU
		{7CCA7FC3-EB7A-4597-A086-B0A636BCFF08}.Debug|iPhone.ActiveCfg = Debug|Any CPU
		{7CCA7FC3-EB7A-4597-A086-B0A636BCFF08}.Debug|iPhone.Build.0 = Debug|Any CPU
		{7CCA7FC3-EB7A-4597-A086-B0A636BCFF08}.Debug|iPhone.Deploy.0 = Debug|Any CPU
		{7CCA7FC3-EB7A-4597-A086-B0A636BCFF08}.Debug|iPhoneSimulator.ActiveCfg = Debug|Any CPU
		{7CCA7FC3-EB7A-4597-A086-B0A636BCFF08}.Debug|iPhoneSimulator.Build.0 = Debug|Any CPU
		{7CCA7FC3-EB7A-4597-A086-B0A636BCFF08}.Debug|iPhoneSimulator.Deploy.0 = Debug|Any CPU
		{7CCA7FC3-EB7A-4597-A086-B0A636BCFF08}.Release|Any CPU.ActiveCfg = Release|Any CPU
		{7CCA7FC3-EB7A-4597-A086-B0A636BCFF08}.Release|Any CPU.Build.0 = Release|Any CPU
		{7CCA7FC3-EB7A-4597-A086-B0A636BCFF08}.Release|Any CPU.Deploy.0 = Release|Any CPU
		{7CCA7FC3-EB7A-4597-A086-B0A636BCFF08}.Release|iPhone.ActiveCfg = Release|Any CPU
		{7CCA7FC3-EB7A-4597-A086-B0A636BCFF08}.Release|iPhone.Build.0 = Release|Any CPU
		{7CCA7FC3-EB7A-4597-A086-B0A636BCFF08}.Release|iPhone.Deploy.0 = Release|Any CPU
		{7CCA7FC3-EB7A-4597-A086-B0A636BCFF08}.Release|iPhoneSimulator.ActiveCfg = Release|Any CPU
		{7CCA7FC3-EB7A-4597-A086-B0A636BCFF08}.Release|iPhoneSimulator.Build.0 = Release|Any CPU
		{7CCA7FC3-EB7A-4597-A086-B0A636BCFF08}.Release|iPhoneSimulator.Deploy.0 = Release|Any CPU
	EndGlobalSection
	GlobalSection(SolutionProperties) = preSolution
		HideSolutionNode = FALSE
	EndGlobalSection
	GlobalSection(ExtensibilityGlobals) = postSolution
		SolutionGuid = {971BD955-0FFF-43B6-9EA1-D8502E6C56F2}
	EndGlobalSection
EndGlobal
